
Microsoft Visual Studio Solution File, Format Version 12.00
# Visual Studio Version 17
VisualStudioVersion = 17.13.35919.96 d17.13
MinimumVisualStudioVersion = 10.0.40219.1
Project("{FAE04EC0-301F-11D3-BF4B-00C04F79EFBC}") = "ProductManagementApp", "ProductManagementApp\ProductManagementApp.csproj", "{969028FE-BBE5-411B-BBC0-25B2BF8DBFB8}"
EndProject
Global
	GlobalSection(SolutionConfigurationPlatforms) = preSolution
		Debug|Any CPU = Debug|Any CPU
		Release|Any CPU = Release|Any CPU
	EndGlobalSection
	GlobalSection(ProjectConfigurationPlatforms) = postSolution
		{969028FE-BBE5-411B-BBC0-25B2BF8DBFB8}.Debug|Any CPU.ActiveCfg = Debug|Any CPU
		{969028FE-BBE5-411B-BBC0-25B2BF8DBFB8}.Debug|Any CPU.Build.0 = Debug|Any CPU
		{969028FE-BBE5-411B-BBC0-25B2BF8DBFB8}.Release|Any CPU.ActiveCfg = Release|Any CPU
		{969028FE-BBE5-411B-BBC0-25B2BF8DBFB8}.Release|Any CPU.Build.0 = Release|Any CPU
	EndGlobalSection
	GlobalSection(SolutionProperties) = preSolution
		HideSolutionNode = FALSE
	EndGlobalSection
	GlobalSection(ExtensibilityGlobals) = postSolution
		SolutionGuid = {68578F24-4DD8-4D4F-AC76-DE92C8EBCE92}
	EndGlobalSection
EndGlobal
